
Microsoft Visual Studio Solution File, Format Version 12.00
# Visual Studio Version 17
VisualStudioVersion = 17.8.34601.278
MinimumVisualStudioVersion = 10.0.40219.1
Project("{8BC9CEB8-8B4A-11D0-8D11-00A0C91BC942}") = "Плексы", "Плексы\Плексы.vcxproj", "{0CC4CDAB-4F29-4D83-9D59-3B8A06ED1F88}"
EndProject
Global
	GlobalSection(SolutionConfigurationPlatforms) = preSolution
		Debug|x64 = Debug|x64
		Debug|x86 = Debug|x86
		Release|x64 = Release|x64
		Release|x86 = Release|x86
	EndGlobalSection
	GlobalSection(ProjectConfigurationPlatforms) = postSolution
		{0CC4CDAB-4F29-4D83-9D59-3B8A06ED1F88}.Debug|x64.ActiveCfg = Debug|x64
		{0CC4CDAB-4F29-4D83-9D59-3B8A06ED1F88}.Debug|x64.Build.0 = Debug|x64
		{0CC4CDAB-4F29-4D83-9D59-3B8A06ED1F88}.Debug|x86.ActiveCfg = Debug|Win32
		{0CC4CDAB-4F29-4D83-9D59-3B8A06ED1F88}.Debug|x86.Build.0 = Debug|Win32
		{0CC4CDAB-4F29-4D83-9D59-3B8A06ED1F88}.Release|x64.ActiveCfg = Release|x64
		{0CC4CDAB-4F29-4D83-9D59-3B8A06ED1F88}.Release|x64.Build.0 = Release|x64
		{0CC4CDAB-4F29-4D83-9D59-3B8A06ED1F88}.Release|x86.ActiveCfg = Release|Win32
		{0CC4CDAB-4F29-4D83-9D59-3B8A06ED1F88}.Release|x86.Build.0 = Release|Win32
	EndGlobalSection
	GlobalSection(SolutionProperties) = preSolution
		HideSolutionNode = FALSE
	EndGlobalSection
	GlobalSection(ExtensibilityGlobals) = postSolution
		SolutionGuid = {63F84E40-2017-40FC-8B19-10F0AED67A66}
	EndGlobalSection
EndGlobal
